<?xml version="1.0" encoding="utf-8"?>
<Project ToolsVersion="4.0" xmlns="http://schemas.microsoft.com/developer/msbuild/2003">
  <ItemGroup>
    <Filter Include="Source Files">
      <UniqueIdentifier>{4FC737F1-C7A5-4376-A066-2A32D752A2FF}</UniqueIdentifier>
      <Extensions>cpp;c;cc;cxx;def;odl;idl;hpj;bat;asm;asmx</Extensions>
    </Filter>
    <Filter Include="Header Files">
      <UniqueIdentifier>{93995380-89BD-4b04-88EB-625FBE52EBFB}</UniqueIdentifier>
      <Extensions>h;hh;hpp;hxx;hm;inl;inc;xsd</Extensions>
    </Filter>
    <Filter Include="Resource Files">
      <UniqueIdentifier>{67DA6AB6-F800-4c08-8B7A-83BB121AAD01}</UniqueIdentifier>
      <Extensions>rc;ico;cur;bmp;dlg;rc2;rct;bin;rgs;gif;jpg;jpeg;jpe;resx;tiff;tif;png;wav;mfcribbon-ms</Extensions>
    </Filter>
    <Filter Include="Resource Files\lib">
      <UniqueIdentifier>{465150b5-9ea9-4c58-b8a3-a46843f8881c}</UniqueIdentifier>
    </Filter>
    <Filter Include="Header Files\inc">
      <UniqueIdentifier>{ec945c7b-5246-4c1d-b963-b150eaa845c7}</UniqueIdentifier>
    </Filter>
    <Filter Include="bin">
      <UniqueIdentifier>{9ae334d8-6ae1-4b7b-b76d-203b5c38407b}</UniqueIdentifier>
    </Filter>
  </ItemGroup>
  <ItemGroup>
    <ClCompile Include="..\..\Dork 2\App\Main.cpp">
      <Filter>Source Files</Filter>
    </ClCompile>
    <ClCompile Include="..\..\Dork 2\App\StandAlone.cpp">
      <Filter>Source Files</Filter>
    </ClCompile>
    <ClCompile Include="..\..\Dork 2\Entities\Enemy.cpp">
      <Filter>Source Files</Filter>
    </ClCompile>
    <ClCompile Include="..\..\Dork 2\Entities\Entity.cpp">
      <Filter>Source Files</Filter>
    </ClCompile>
    <ClCompile Include="..\..\Dork 2\Entities\Player.cpp">
      <Filter>Source Files</Filter>
    </ClCompile>
    <ClCompile Include="..\..\Dork 2\Items\Potion.cpp">
      <Filter>Source Files</Filter>
    </ClCompile>
    <ClCompile Include="..\..\Dork 2\Items\Weapon.cpp">
      <Filter>Source Files</Filter>
    </ClCompile>
    <ClCompile Include="..\..\Dork 2\Scenes\Armory.cpp">
      <Filter>Source Files</Filter>
    </ClCompile>
    <ClCompile Include="..\..\Dork 2\Scenes\Combat.cpp">
      <Filter>Source Files</Filter>
    </ClCompile>
    <ClCompile Include="..\..\Dork 2\Scenes\Exploration.cpp">
      <Filter>Source Files</Filter>
    </ClCompile>
    <ClCompile Include="..\..\Dork 2\Scenes\Shop.cpp">
      <Filter>Source Files</Filter>
    </ClCompile>
    <ClCompile Include="Dork 2\Scenes\StatViewer.cpp">
      <Filter>Source Files</Filter>
    </ClCompile>
    <ClCompile Include="Dork 2\Scenes\Purchasing.cpp">
      <Filter>Source Files</Filter>
    </ClCompile>
    <ClCompile Include="Dork 2\Scenes\MainMenu.cpp">
      <Filter>Source Files</Filter>
    </ClCompile>
    <ClCompile Include="Dork 2\Scenes\Scene.cpp">
      <Filter>Source Files</Filter>
    </ClCompile>
    <ClCompile Include="Dork 2\Backend\Level.cpp">
      <Filter>Source Files</Filter>
    </ClCompile>
  </ItemGroup>
  <ItemGroup>
    <ClInclude Include="..\..\Dork 2\App\StandAlone.h">
      <Filter>Header Files</Filter>
    </ClInclude>
    <ClInclude Include="..\..\Dork 2\Backend\Enums.h">
      <Filter>Header Files</Filter>
    </ClInclude>
    <ClInclude Include="..\..\Dork 2\Entities\Enemy.h">
      <Filter>Header Files</Filter>
    </ClInclude>
    <ClInclude Include="..\..\Dork 2\Entities\Entity.h">
      <Filter>Header Files</Filter>
    </ClInclude>
    <ClInclude Include="..\..\Dork 2\Entities\Player.h">
      <Filter>Header Files</Filter>
    </ClInclude>
    <ClInclude Include="..\..\Dork 2\Items\Potion.h">
      <Filter>Header Files</Filter>
    </ClInclude>
    <ClInclude Include="..\..\Dork 2\Items\Weapon.h">
      <Filter>Header Files</Filter>
    </ClInclude>
    <ClInclude Include="..\..\Dork 2\Scenes\Armory.h">
      <Filter>Header Files</Filter>
    </ClInclude>
    <ClInclude Include="..\..\Dork 2\Scenes\Combat.h">
      <Filter>Header Files</Filter>
    </ClInclude>
    <ClInclude Include="..\..\Dork 2\Scenes\Exploration.h">
      <Filter>Header Files</Filter>
    </ClInclude>
    <ClInclude Include="..\..\Dork 2\Scenes\Scene.h">
      <Filter>Header Files</Filter>
    </ClInclude>
    <ClInclude Include="..\..\Dork 2\Scenes\Shop.h">
      <Filter>Header Files</Filter>
    </ClInclude>
    <ClInclude Include="..\..\inc\orx.h">
      <Filter>Header Files\inc</Filter>
    </ClInclude>
    <ClInclude Include="..\..\inc\math\orxAABox.h">
      <Filter>Header Files\inc</Filter>
    </ClInclude>
    <ClInclude Include="..\..\inc\main\orxAndroid.h">
      <Filter>Header Files\inc</Filter>
    </ClInclude>
    <ClInclude Include="..\..\inc\anim\orxAnim.h">
      <Filter>Header Files\inc</Filter>
    </ClInclude>
    <ClInclude Include="..\..\inc\anim\orxAnimPointer.h">
      <Filter>Header Files\inc</Filter>
    </ClInclude>
    <ClInclude Include="..\..\inc\anim\orxAnimSet.h">
      <Filter>Header Files\inc</Filter>
    </ClInclude>
    <ClInclude Include="..\..\inc\memory\orxBank.h">
      <Filter>Header Files\inc</Filter>
    </ClInclude>
    <ClInclude Include="..\..\inc\physics\orxBody.h">
      <Filter>Header Files\inc</Filter>
    </ClInclude>
    <ClInclude Include="..\..\inc\base\orxBuild.h">
      <Filter>Header Files\inc</Filter>
    </ClInclude>
    <ClInclude Include="..\..\inc\render\orxCamera.h">
      <Filter>Header Files\inc</Filter>
    </ClInclude>
    <ClInclude Include="..\..\inc\core\orxClock.h">
      <Filter>Header Files\inc</Filter>
    </ClInclude>
    <ClInclude Include="..\..\inc\core\orxCommand.h">
      <Filter>Header Files\inc</Filter>
    </ClInclude>
    <ClInclude Include="..\..\inc\core\orxConfig.h">
      <Filter>Header Files\inc</Filter>
    </ClInclude>
    <ClInclude Include="..\..\inc\core\orxConsole.h">
      <Filter>Header Files\inc</Filter>
    </ClInclude>
    <ClInclude Include="..\..\inc\debug\orxDebug.h">
      <Filter>Header Files\inc</Filter>
    </ClInclude>
    <ClInclude Include="..\..\inc\base\orxDecl.h">
      <Filter>Header Files\inc</Filter>
    </ClInclude>
    <ClInclude Include="..\..\inc\display\orxDisplay.h">
      <Filter>Header Files\inc</Filter>
    </ClInclude>
    <ClInclude Include="..\..\inc\core\orxEvent.h">
      <Filter>Header Files\inc</Filter>
    </ClInclude>
    <ClInclude Include="..\..\inc\io\orxFile.h">
      <Filter>Header Files\inc</Filter>
    </ClInclude>
    <ClInclude Include="..\..\inc\display\orxFont.h">
      <Filter>Header Files\inc</Filter>
    </ClInclude>
    <ClInclude Include="..\..\inc\debug\orxFPS.h">
      <Filter>Header Files\inc</Filter>
    </ClInclude>
    <ClInclude Include="..\..\inc\object\orxFrame.h">
      <Filter>Header Files\inc</Filter>
    </ClInclude>
    <ClInclude Include="..\..\inc\object\orxFX.h">
      <Filter>Header Files\inc</Filter>
    </ClInclude>
    <ClInclude Include="..\..\inc\object\orxFXPointer.h">
      <Filter>Header Files\inc</Filter>
    </ClInclude>
    <ClInclude Include="..\..\inc\display\orxGraphic.h">
      <Filter>Header Files\inc</Filter>
    </ClInclude>
    <ClInclude Include="..\..\inc\utils\orxHashTable.h">
      <Filter>Header Files\inc</Filter>
    </ClInclude>
    <ClInclude Include="..\..\inc\orxInclude.h">
      <Filter>Header Files\inc</Filter>
    </ClInclude>
    <ClInclude Include="..\..\inc\io\orxInput.h">
      <Filter>Header Files\inc</Filter>
    </ClInclude>
    <ClInclude Include="..\..\inc\io\orxJoystick.h">
      <Filter>Header Files\inc</Filter>
    </ClInclude>
    <ClInclude Include="..\..\inc\orxKernel.h">
      <Filter>Header Files\inc</Filter>
    </ClInclude>
    <ClInclude Include="..\..\inc\io\orxKeyboard.h">
      <Filter>Header Files\inc</Filter>
    </ClInclude>
    <ClInclude Include="..\..\inc\utils\orxLinkList.h">
      <Filter>Header Files\inc</Filter>
    </ClInclude>
    <ClInclude Include="..\..\inc\core\orxLocale.h">
      <Filter>Header Files\inc</Filter>
    </ClInclude>
    <ClInclude Include="..\..\inc\math\orxMath.h">
      <Filter>Header Files\inc</Filter>
    </ClInclude>
    <ClInclude Include="..\..\inc\memory\orxMemory.h">
      <Filter>Header Files\inc</Filter>
    </ClInclude>
    <ClInclude Include="..\..\inc\base\orxModule.h">
      <Filter>Header Files\inc</Filter>
    </ClInclude>
    <ClInclude Include="..\..\inc\io\orxMouse.h">
      <Filter>Header Files\inc</Filter>
    </ClInclude>
    <ClInclude Include="..\..\inc\object\orxObject.h">
      <Filter>Header Files\inc</Filter>
    </ClInclude>
    <ClInclude Include="..\..\inc\math\orxOBox.h">
      <Filter>Header Files\inc</Filter>
    </ClInclude>
    <ClInclude Include="..\..\inc\main\orxParam.h">
      <Filter>Header Files\inc</Filter>
    </ClInclude>
    <ClInclude Include="..\..\inc\physics\orxPhysics.h">
      <Filter>Header Files\inc</Filter>
    </ClInclude>
    <ClInclude Include="..\..\inc\plugin\orxPlugin.h">
      <Filter>Header Files\inc</Filter>
    </ClInclude>
    <ClInclude Include="..\..\inc\plugin\define\orxPlugin_CoreDefine.h">
      <Filter>Header Files\inc</Filter>
    </ClInclude>
    <ClInclude Include="..\..\inc\plugin\define\orxPlugin_CoreID.h">
      <Filter>Header Files\inc</Filter>
    </ClInclude>
    <ClInclude Include="..\..\inc\plugin\define\orxPlugin_Display.h">
      <Filter>Header Files\inc</Filter>
    </ClInclude>
    <ClInclude Include="..\..\inc\plugin\define\orxPlugin_Joystick.h">
      <Filter>Header Files\inc</Filter>
    </ClInclude>
    <ClInclude Include="..\..\inc\plugin\define\orxPlugin_Keyboard.h">
      <Filter>Header Files\inc</Filter>
    </ClInclude>
    <ClInclude Include="..\..\inc\plugin\define\orxPlugin_Mouse.h">
      <Filter>Header Files\inc</Filter>
    </ClInclude>
    <ClInclude Include="..\..\inc\plugin\define\orxPlugin_Physics.h">
      <Filter>Header Files\inc</Filter>
    </ClInclude>
    <ClInclude Include="..\..\inc\plugin\define\orxPlugin_Render.h">
      <Filter>Header Files\inc</Filter>
    </ClInclude>
    <ClInclude Include="..\..\inc\plugin\define\orxPlugin_SoundSystem.h">
      <Filter>Header Files\inc</Filter>
    </ClInclude>
    <ClInclude Include="..\..\inc\orxPluginAPI.h">
      <Filter>Header Files\inc</Filter>
    </ClInclude>
    <ClInclude Include="..\..\inc\plugin\orxPluginCore.h">
      <Filter>Header Files\inc</Filter>
    </ClInclude>
    <ClInclude Include="..\..\inc\plugin\orxPluginType.h">
      <Filter>Header Files\inc</Filter>
    </ClInclude>
    <ClInclude Include="..\..\inc\plugin\orxPluginUser.h">
      <Filter>Header Files\inc</Filter>
    </ClInclude>
    <ClInclude Include="..\..\inc\debug\orxProfiler.h">
      <Filter>Header Files\inc</Filter>
    </ClInclude>
    <ClInclude Include="..\..\inc\render\orxRender.h">
      <Filter>Header Files\inc</Filter>
    </ClInclude>
    <ClInclude Include="..\..\inc\core\orxResource.h">
      <Filter>Header Files\inc</Filter>
    </ClInclude>
    <ClInclude Include="..\..\inc\display\orxScreenshot.h">
      <Filter>Header Files\inc</Filter>
    </ClInclude>
    <ClInclude Include="..\..\inc\render\orxShader.h">
      <Filter>Header Files\inc</Filter>
    </ClInclude>
    <ClInclude Include="..\..\inc\render\orxShaderPointer.h">
      <Filter>Header Files\inc</Filter>
    </ClInclude>
    <ClInclude Include="..\..\inc\sound\orxSound.h">
      <Filter>Header Files\inc</Filter>
    </ClInclude>
    <ClInclude Include="..\..\inc\sound\orxSoundPointer.h">
      <Filter>Header Files\inc</Filter>
    </ClInclude>
    <ClInclude Include="..\..\inc\sound\orxSoundSystem.h">
      <Filter>Header Files\inc</Filter>
    </ClInclude>
    <ClInclude Include="..\..\inc\object\orxSpawner.h">
      <Filter>Header Files\inc</Filter>
    </ClInclude>
    <ClInclude Include="..\..\inc\utils\orxString.h">
      <Filter>Header Files\inc</Filter>
    </ClInclude>
    <ClInclude Include="..\..\inc\object\orxStructure.h">
      <Filter>Header Files\inc</Filter>
    </ClInclude>
    <ClInclude Include="..\..\inc\core\orxSystem.h">
      <Filter>Header Files\inc</Filter>
    </ClInclude>
    <ClInclude Include="..\..\inc\display\orxText.h">
      <Filter>Header Files\inc</Filter>
    </ClInclude>
    <ClInclude Include="..\..\inc\display\orxTexture.h">
      <Filter>Header Files\inc</Filter>
    </ClInclude>
    <ClInclude Include="..\..\inc\core\orxThread.h">
      <Filter>Header Files\inc</Filter>
    </ClInclude>
    <ClInclude Include="..\..\inc\object\orxTimeLine.h">
      <Filter>Header Files\inc</Filter>
    </ClInclude>
    <ClInclude Include="..\..\inc\utils\orxTree.h">
      <Filter>Header Files\inc</Filter>
    </ClInclude>
    <ClInclude Include="..\..\inc\base\orxType.h">
      <Filter>Header Files\inc</Filter>
    </ClInclude>
    <ClInclude Include="..\..\inc\orxUtils.h">
      <Filter>Header Files\inc</Filter>
    </ClInclude>
    <ClInclude Include="..\..\inc\math\orxVector.h">
      <Filter>Header Files\inc</Filter>
    </ClInclude>
    <ClInclude Include="..\..\inc\base\orxVersion.h">
      <Filter>Header Files\inc</Filter>
    </ClInclude>
    <ClInclude Include="..\..\inc\render\orxViewport.h">
      <Filter>Header Files\inc</Filter>
    </ClInclude>
    <ClInclude Include="Dork 2\Scenes\StatViewer.h">
      <Filter>Header Files</Filter>
    </ClInclude>
    <ClInclude Include="Dork 2\Scenes\Purchasing.h">
      <Filter>Header Files</Filter>
    </ClInclude>
    <ClInclude Include="Dork 2\Scenes\MainMenu.h">
      <Filter>Header Files</Filter>
    </ClInclude>
    <ClInclude Include="Dork 2\Backend\Level.h">
      <Filter>Header Files</Filter>
    </ClInclude>
  </ItemGroup>
  <ItemGroup>
    <None Include="..\..\bin\Troll.ini">
      <Filter>bin</Filter>
    </None>
    <None Include="..\..\bin\Dork 2.ini">
      <Filter>bin</Filter>
    </None>
    <None Include="..\..\bin\Entities.ini">
      <Filter>bin</Filter>
    </None>
    <None Include="..\..\bin\GenericEntity.ini">
      <Filter>bin</Filter>
    </None>
    <None Include="..\..\bin\Ghost.ini">
      <Filter>bin</Filter>
    </None>
    <None Include="..\..\bin\Ghoul.ini">
      <Filter>bin</Filter>
    </None>
    <None Include="..\..\bin\Goblin.ini">
      <Filter>bin</Filter>
    </None>
    <None Include="..\..\bin\Imp.ini">
      <Filter>bin</Filter>
    </None>
    <None Include="..\..\bin\Main.ini">
      <Filter>bin</Filter>
    </None>
    <None Include="..\..\bin\Map1.ini">
      <Filter>bin</Filter>
    </None>
    <None Include="..\..\bin\Ogre.ini">
      <Filter>bin</Filter>
    </None>
    <None Include="..\..\bin\Orc.ini">
      <Filter>bin</Filter>
    </None>
    <None Include="..\..\bin\Player.ini">
      <Filter>bin</Filter>
    </None>
  </ItemGroup>
  <ItemGroup>
    <Library Include="lib\orx.lib">
      <Filter>Resource Files\lib</Filter>
    </Library>
  </ItemGroup>
</Project>