// !$*UTF8*$!
{
	archiveVersion = 1;
	classes = {
	};
	objectVersion = 48;
	objects = {

/* Begin PBXBuildFile section */
		715FF6AF1FBEE1A5005B1ED4 /* StandAlone.cpp in Sources */ = {isa = PBXBuildFile; fileRef = 715FF5D71FBEDE44005B1ED4 /* StandAlone.cpp */; };
		715FF6B11FBEE205005B1ED4 /* Main.cpp in Sources */ = {isa = PBXBuildFile; fileRef = 715FF6B01FBEE205005B1ED4 /* Main.cpp */; };
		715FF6B71FBEE507005B1ED4 /* Dork 2.ini in CopyFiles */ = {isa = PBXBuildFile; fileRef = 715FF6B31FBEE3FF005B1ED4 /* Dork 2.ini */; settings = {ATTRIBUTES = (CodeSignOnCopy, ); }; };
		715FF6B81FBEE509005B1ED4 /* Player.ini in CopyFiles */ = {isa = PBXBuildFile; fileRef = 715FF6B41FBEE3FF005B1ED4 /* Player.ini */; settings = {ATTRIBUTES = (CodeSignOnCopy, ); }; };
		715FF6B91FBEE50B005B1ED4 /* Main.ini in CopyFiles */ = {isa = PBXBuildFile; fileRef = 715FF6B51FBEE3FF005B1ED4 /* Main.ini */; settings = {ATTRIBUTES = (CodeSignOnCopy, ); }; };
		71620F161FC7A56900EBD228 /* Exploration.cpp in Sources */ = {isa = PBXBuildFile; fileRef = 71620F141FC7A56900EBD228 /* Exploration.cpp */; };
		71620F191FC7A59E00EBD228 /* Combat.cpp in Sources */ = {isa = PBXBuildFile; fileRef = 71620F171FC7A59E00EBD228 /* Combat.cpp */; };
		71620F1C1FC7B19800EBD228 /* Shop.cpp in Sources */ = {isa = PBXBuildFile; fileRef = 71620F1A1FC7B19800EBD228 /* Shop.cpp */; };
		71620F1E1FC7E56C00EBD228 /* Selector.png in CopyFiles */ = {isa = PBXBuildFile; fileRef = 71620F1D1FC7BB4C00EBD228 /* Selector.png */; settings = {ATTRIBUTES = (CodeSignOnCopy, ); }; };
		71620F201FC81CBE00EBD228 /* ShopHelp.png in CopyFiles */ = {isa = PBXBuildFile; fileRef = 71620F1F1FC81CBB00EBD228 /* ShopHelp.png */; settings = {ATTRIBUTES = (CodeSignOnCopy, ); }; };
		71620F221FC8250200EBD228 /* GoblinSpriteMap.png in CopyFiles */ = {isa = PBXBuildFile; fileRef = 71620F211FC823DF00EBD228 /* GoblinSpriteMap.png */; settings = {ATTRIBUTES = (CodeSignOnCopy, ); }; };
		71620F251FC8290600EBD228 /* Goblin.ini in CopyFiles */ = {isa = PBXBuildFile; fileRef = 71620F231FC8251600EBD228 /* Goblin.ini */; settings = {ATTRIBUTES = (CodeSignOnCopy, ); }; };
		71620F261FC8290900EBD228 /* Enemies.ini in CopyFiles */ = {isa = PBXBuildFile; fileRef = 71620F241FC827D400EBD228 /* Enemies.ini */; settings = {ATTRIBUTES = (CodeSignOnCopy, ); }; };
		716CC8361FC6EFDF00197944 /* Background.ogg in CopyFiles */ = {isa = PBXBuildFile; fileRef = 716CC8351FC6EF1400197944 /* Background.ogg */; settings = {ATTRIBUTES = (CodeSignOnCopy, ); }; };
		716D1AF71FC2755B00D827D1 /* Entity.cpp in Sources */ = {isa = PBXBuildFile; fileRef = 716D1AF51FC2755B00D827D1 /* Entity.cpp */; };
		716D1AFA1FC2757900D827D1 /* Enemy.cpp in Sources */ = {isa = PBXBuildFile; fileRef = 716D1AF81FC2757900D827D1 /* Enemy.cpp */; };
		716D1AFE1FC29E2B00D827D1 /* Weapon.cpp in Sources */ = {isa = PBXBuildFile; fileRef = 716D1AFC1FC29E2B00D827D1 /* Weapon.cpp */; };
		716D1B031FC3045000D827D1 /* Potion.cpp in Sources */ = {isa = PBXBuildFile; fileRef = 716D1B011FC3045000D827D1 /* Potion.cpp */; };
		718B57E01FC43F5000A457C8 /* Map1.ini in CopyFiles */ = {isa = PBXBuildFile; fileRef = 71F208371FC43BEB0001AB3F /* Map1.ini */; settings = {ATTRIBUTES = (CodeSignOnCopy, ); }; };
		718B57E11FC43F5300A457C8 /* forest_tiles.png in CopyFiles */ = {isa = PBXBuildFile; fileRef = 718B57DF1FC43D4300A457C8 /* forest_tiles.png */; settings = {ATTRIBUTES = (CodeSignOnCopy, ); }; };
		718B57E41FC4552300A457C8 /* MainGuySpriteSheet.png in CopyFiles */ = {isa = PBXBuildFile; fileRef = 718B57E31FC4440200A457C8 /* MainGuySpriteSheet.png */; settings = {ATTRIBUTES = (CodeSignOnCopy, ); }; };
		718B57EB1FC4662F00A457C8 /* liborx.dylib in CopyFiles */ = {isa = PBXBuildFile; fileRef = 715FF6A71FBEDFE7005B1ED4 /* liborx.dylib */; settings = {ATTRIBUTES = (CodeSignOnCopy, ); }; };
		71F208361FC3FA190001AB3F /* Player.cpp in Sources */ = {isa = PBXBuildFile; fileRef = 71F208341FC3FA190001AB3F /* Player.cpp */; };
		71F921B81FC59B1D0037725A /* liborx.dylib in Frameworks */ = {isa = PBXBuildFile; fileRef = 715FF6A71FBEDFE7005B1ED4 /* liborx.dylib */; };
/* End PBXBuildFile section */

/* Begin PBXCopyFilesBuildPhase section */
		715FF5D21FBEDE44005B1ED4 /* CopyFiles */ = {
			isa = PBXCopyFilesBuildPhase;
			buildActionMask = 12;
			dstPath = "";
			dstSubfolderSpec = 16;
			files = (
				71620F201FC81CBE00EBD228 /* ShopHelp.png in CopyFiles */,
				71620F1E1FC7E56C00EBD228 /* Selector.png in CopyFiles */,
				716CC8361FC6EFDF00197944 /* Background.ogg in CopyFiles */,
				718B57EB1FC4662F00A457C8 /* liborx.dylib in CopyFiles */,
				718B57E41FC4552300A457C8 /* MainGuySpriteSheet.png in CopyFiles */,
				71620F221FC8250200EBD228 /* GoblinSpriteMap.png in CopyFiles */,
				71620F261FC8290900EBD228 /* Enemies.ini in CopyFiles */,
				71620F251FC8290600EBD228 /* Goblin.ini in CopyFiles */,
				718B57E11FC43F5300A457C8 /* forest_tiles.png in CopyFiles */,
				718B57E01FC43F5000A457C8 /* Map1.ini in CopyFiles */,
				715FF6B71FBEE507005B1ED4 /* Dork 2.ini in CopyFiles */,
				715FF6B91FBEE50B005B1ED4 /* Main.ini in CopyFiles */,
				715FF6B81FBEE509005B1ED4 /* Player.ini in CopyFiles */,
			);
			runOnlyForDeploymentPostprocessing = 0;
		};
/* End PBXCopyFilesBuildPhase section */

/* Begin PBXFileReference section */
		715FF5D41FBEDE44005B1ED4 /* Dork 2 */ = {isa = PBXFileReference; explicitFileType = "compiled.mach-o.executable"; includeInIndex = 0; path = "Dork 2"; sourceTree = BUILT_PRODUCTS_DIR; };
		715FF5D71FBEDE44005B1ED4 /* StandAlone.cpp */ = {isa = PBXFileReference; lastKnownFileType = sourcecode.cpp.cpp; path = StandAlone.cpp; sourceTree = "<group>"; };
		715FF6451FBEDFBE005B1ED4 /* README.md */ = {isa = PBXFileReference; fileEncoding = 4; lastKnownFileType = net.daringfireball.markdown; path = README.md; sourceTree = "<group>"; };
		715FF6461FBEDFBE005B1ED4 /* LICENSE */ = {isa = PBXFileReference; fileEncoding = 4; lastKnownFileType = text; path = LICENSE; sourceTree = "<group>"; };
		715FF6491FBEDFDF005B1ED4 /* orxAnim.h */ = {isa = PBXFileReference; lastKnownFileType = sourcecode.c.h; path = orxAnim.h; sourceTree = "<group>"; };
		715FF64A1FBEDFDF005B1ED4 /* orxAnimPointer.h */ = {isa = PBXFileReference; lastKnownFileType = sourcecode.c.h; path = orxAnimPointer.h; sourceTree = "<group>"; };
		715FF64B1FBEDFDF005B1ED4 /* orxAnimSet.h */ = {isa = PBXFileReference; lastKnownFileType = sourcecode.c.h; path = orxAnimSet.h; sourceTree = "<group>"; };
		715FF64D1FBEDFDF005B1ED4 /* orxBuild.h */ = {isa = PBXFileReference; lastKnownFileType = sourcecode.c.h; path = orxBuild.h; sourceTree = "<group>"; };
		715FF64E1FBEDFDF005B1ED4 /* orxDecl.h */ = {isa = PBXFileReference; lastKnownFileType = sourcecode.c.h; path = orxDecl.h; sourceTree = "<group>"; };
		715FF64F1FBEDFDF005B1ED4 /* orxModule.h */ = {isa = PBXFileReference; lastKnownFileType = sourcecode.c.h; path = orxModule.h; sourceTree = "<group>"; };
		715FF6501FBEDFDF005B1ED4 /* orxType.h */ = {isa = PBXFileReference; lastKnownFileType = sourcecode.c.h; path = orxType.h; sourceTree = "<group>"; };
		715FF6511FBEDFDF005B1ED4 /* orxVersion.h */ = {isa = PBXFileReference; lastKnownFileType = sourcecode.c.h; path = orxVersion.h; sourceTree = "<group>"; };
		715FF6531FBEDFDF005B1ED4 /* orxClock.h */ = {isa = PBXFileReference; lastKnownFileType = sourcecode.c.h; path = orxClock.h; sourceTree = "<group>"; };
		715FF6541FBEDFDF005B1ED4 /* orxCommand.h */ = {isa = PBXFileReference; lastKnownFileType = sourcecode.c.h; path = orxCommand.h; sourceTree = "<group>"; };
		715FF6551FBEDFDF005B1ED4 /* orxConfig.h */ = {isa = PBXFileReference; lastKnownFileType = sourcecode.c.h; path = orxConfig.h; sourceTree = "<group>"; };
		715FF6561FBEDFDF005B1ED4 /* orxConsole.h */ = {isa = PBXFileReference; lastKnownFileType = sourcecode.c.h; path = orxConsole.h; sourceTree = "<group>"; };
		715FF6571FBEDFDF005B1ED4 /* orxEvent.h */ = {isa = PBXFileReference; lastKnownFileType = sourcecode.c.h; path = orxEvent.h; sourceTree = "<group>"; };
		715FF6581FBEDFDF005B1ED4 /* orxLocale.h */ = {isa = PBXFileReference; lastKnownFileType = sourcecode.c.h; path = orxLocale.h; sourceTree = "<group>"; };
		715FF6591FBEDFDF005B1ED4 /* orxResource.h */ = {isa = PBXFileReference; lastKnownFileType = sourcecode.c.h; path = orxResource.h; sourceTree = "<group>"; };
		715FF65A1FBEDFDF005B1ED4 /* orxSystem.h */ = {isa = PBXFileReference; lastKnownFileType = sourcecode.c.h; path = orxSystem.h; sourceTree = "<group>"; };
		715FF65B1FBEDFDF005B1ED4 /* orxThread.h */ = {isa = PBXFileReference; lastKnownFileType = sourcecode.c.h; path = orxThread.h; sourceTree = "<group>"; };
		715FF65D1FBEDFDF005B1ED4 /* orxDebug.h */ = {isa = PBXFileReference; lastKnownFileType = sourcecode.c.h; path = orxDebug.h; sourceTree = "<group>"; };
		715FF65E1FBEDFDF005B1ED4 /* orxFPS.h */ = {isa = PBXFileReference; lastKnownFileType = sourcecode.c.h; path = orxFPS.h; sourceTree = "<group>"; };
		715FF65F1FBEDFDF005B1ED4 /* orxProfiler.h */ = {isa = PBXFileReference; lastKnownFileType = sourcecode.c.h; path = orxProfiler.h; sourceTree = "<group>"; };
		715FF6611FBEDFDF005B1ED4 /* orxDisplay.h */ = {isa = PBXFileReference; lastKnownFileType = sourcecode.c.h; path = orxDisplay.h; sourceTree = "<group>"; };
		715FF6621FBEDFDF005B1ED4 /* orxFont.h */ = {isa = PBXFileReference; lastKnownFileType = sourcecode.c.h; path = orxFont.h; sourceTree = "<group>"; };
		715FF6631FBEDFDF005B1ED4 /* orxGraphic.h */ = {isa = PBXFileReference; lastKnownFileType = sourcecode.c.h; path = orxGraphic.h; sourceTree = "<group>"; };
		715FF6641FBEDFDF005B1ED4 /* orxScreenshot.h */ = {isa = PBXFileReference; lastKnownFileType = sourcecode.c.h; path = orxScreenshot.h; sourceTree = "<group>"; };
		715FF6651FBEDFDF005B1ED4 /* orxText.h */ = {isa = PBXFileReference; lastKnownFileType = sourcecode.c.h; path = orxText.h; sourceTree = "<group>"; };
		715FF6661FBEDFDF005B1ED4 /* orxTexture.h */ = {isa = PBXFileReference; lastKnownFileType = sourcecode.c.h; path = orxTexture.h; sourceTree = "<group>"; };
		715FF6681FBEDFDF005B1ED4 /* orxFile.h */ = {isa = PBXFileReference; lastKnownFileType = sourcecode.c.h; path = orxFile.h; sourceTree = "<group>"; };
		715FF6691FBEDFDF005B1ED4 /* orxInput.h */ = {isa = PBXFileReference; lastKnownFileType = sourcecode.c.h; path = orxInput.h; sourceTree = "<group>"; };
		715FF66A1FBEDFDF005B1ED4 /* orxJoystick.h */ = {isa = PBXFileReference; lastKnownFileType = sourcecode.c.h; path = orxJoystick.h; sourceTree = "<group>"; };
		715FF66B1FBEDFDF005B1ED4 /* orxKeyboard.h */ = {isa = PBXFileReference; lastKnownFileType = sourcecode.c.h; path = orxKeyboard.h; sourceTree = "<group>"; };
		715FF66C1FBEDFDF005B1ED4 /* orxMouse.h */ = {isa = PBXFileReference; lastKnownFileType = sourcecode.c.h; path = orxMouse.h; sourceTree = "<group>"; };
		715FF66E1FBEDFDF005B1ED4 /* orxAndroid.h */ = {isa = PBXFileReference; lastKnownFileType = sourcecode.c.h; path = orxAndroid.h; sourceTree = "<group>"; };
		715FF66F1FBEDFDF005B1ED4 /* orxParam.h */ = {isa = PBXFileReference; lastKnownFileType = sourcecode.c.h; path = orxParam.h; sourceTree = "<group>"; };
		715FF6711FBEDFDF005B1ED4 /* orxAABox.h */ = {isa = PBXFileReference; lastKnownFileType = sourcecode.c.h; path = orxAABox.h; sourceTree = "<group>"; };
		715FF6721FBEDFDF005B1ED4 /* orxMath.h */ = {isa = PBXFileReference; lastKnownFileType = sourcecode.c.h; path = orxMath.h; sourceTree = "<group>"; };
		715FF6731FBEDFDF005B1ED4 /* orxOBox.h */ = {isa = PBXFileReference; lastKnownFileType = sourcecode.c.h; path = orxOBox.h; sourceTree = "<group>"; };
		715FF6741FBEDFDF005B1ED4 /* orxVector.h */ = {isa = PBXFileReference; lastKnownFileType = sourcecode.c.h; path = orxVector.h; sourceTree = "<group>"; };
		715FF6761FBEDFDF005B1ED4 /* orxBank.h */ = {isa = PBXFileReference; lastKnownFileType = sourcecode.c.h; path = orxBank.h; sourceTree = "<group>"; };
		715FF6771FBEDFDF005B1ED4 /* orxMemory.h */ = {isa = PBXFileReference; lastKnownFileType = sourcecode.c.h; path = orxMemory.h; sourceTree = "<group>"; };
		715FF6791FBEDFDF005B1ED4 /* orxFrame.h */ = {isa = PBXFileReference; lastKnownFileType = sourcecode.c.h; path = orxFrame.h; sourceTree = "<group>"; };
		715FF67A1FBEDFDF005B1ED4 /* orxFX.h */ = {isa = PBXFileReference; lastKnownFileType = sourcecode.c.h; path = orxFX.h; sourceTree = "<group>"; };
		715FF67B1FBEDFDF005B1ED4 /* orxFXPointer.h */ = {isa = PBXFileReference; lastKnownFileType = sourcecode.c.h; path = orxFXPointer.h; sourceTree = "<group>"; };
		715FF67C1FBEDFDF005B1ED4 /* orxObject.h */ = {isa = PBXFileReference; lastKnownFileType = sourcecode.c.h; path = orxObject.h; sourceTree = "<group>"; };
		715FF67D1FBEDFDF005B1ED4 /* orxSpawner.h */ = {isa = PBXFileReference; lastKnownFileType = sourcecode.c.h; path = orxSpawner.h; sourceTree = "<group>"; };
		715FF67E1FBEDFDF005B1ED4 /* orxStructure.h */ = {isa = PBXFileReference; lastKnownFileType = sourcecode.c.h; path = orxStructure.h; sourceTree = "<group>"; };
		715FF67F1FBEDFDF005B1ED4 /* orxTimeLine.h */ = {isa = PBXFileReference; lastKnownFileType = sourcecode.c.h; path = orxTimeLine.h; sourceTree = "<group>"; };
		715FF6801FBEDFDF005B1ED4 /* orx.h */ = {isa = PBXFileReference; lastKnownFileType = sourcecode.c.h; path = orx.h; sourceTree = "<group>"; };
		715FF6811FBEDFDF005B1ED4 /* orxInclude.h */ = {isa = PBXFileReference; lastKnownFileType = sourcecode.c.h; path = orxInclude.h; sourceTree = "<group>"; };
		715FF6821FBEDFDF005B1ED4 /* orxKernel.h */ = {isa = PBXFileReference; lastKnownFileType = sourcecode.c.h; path = orxKernel.h; sourceTree = "<group>"; };
		715FF6831FBEDFDF005B1ED4 /* orxPluginAPI.h */ = {isa = PBXFileReference; lastKnownFileType = sourcecode.c.h; path = orxPluginAPI.h; sourceTree = "<group>"; };
		715FF6841FBEDFDF005B1ED4 /* orxUtils.h */ = {isa = PBXFileReference; lastKnownFileType = sourcecode.c.h; path = orxUtils.h; sourceTree = "<group>"; };
		715FF6861FBEDFDF005B1ED4 /* orxBody.h */ = {isa = PBXFileReference; lastKnownFileType = sourcecode.c.h; path = orxBody.h; sourceTree = "<group>"; };
		715FF6871FBEDFDF005B1ED4 /* orxPhysics.h */ = {isa = PBXFileReference; lastKnownFileType = sourcecode.c.h; path = orxPhysics.h; sourceTree = "<group>"; };
		715FF68A1FBEDFDF005B1ED4 /* orxPlugin_CoreDefine.h */ = {isa = PBXFileReference; lastKnownFileType = sourcecode.c.h; path = orxPlugin_CoreDefine.h; sourceTree = "<group>"; };
		715FF68B1FBEDFDF005B1ED4 /* orxPlugin_CoreID.h */ = {isa = PBXFileReference; lastKnownFileType = sourcecode.c.h; path = orxPlugin_CoreID.h; sourceTree = "<group>"; };
		715FF68C1FBEDFDF005B1ED4 /* orxPlugin_Display.h */ = {isa = PBXFileReference; lastKnownFileType = sourcecode.c.h; path = orxPlugin_Display.h; sourceTree = "<group>"; };
		715FF68D1FBEDFDF005B1ED4 /* orxPlugin_Joystick.h */ = {isa = PBXFileReference; lastKnownFileType = sourcecode.c.h; path = orxPlugin_Joystick.h; sourceTree = "<group>"; };
		715FF68E1FBEDFDF005B1ED4 /* orxPlugin_Keyboard.h */ = {isa = PBXFileReference; lastKnownFileType = sourcecode.c.h; path = orxPlugin_Keyboard.h; sourceTree = "<group>"; };
		715FF68F1FBEDFDF005B1ED4 /* orxPlugin_Mouse.h */ = {isa = PBXFileReference; lastKnownFileType = sourcecode.c.h; path = orxPlugin_Mouse.h; sourceTree = "<group>"; };
		715FF6901FBEDFDF005B1ED4 /* orxPlugin_Physics.h */ = {isa = PBXFileReference; lastKnownFileType = sourcecode.c.h; path = orxPlugin_Physics.h; sourceTree = "<group>"; };
		715FF6911FBEDFDF005B1ED4 /* orxPlugin_Render.h */ = {isa = PBXFileReference; lastKnownFileType = sourcecode.c.h; path = orxPlugin_Render.h; sourceTree = "<group>"; };
		715FF6921FBEDFDF005B1ED4 /* orxPlugin_SoundSystem.h */ = {isa = PBXFileReference; lastKnownFileType = sourcecode.c.h; path = orxPlugin_SoundSystem.h; sourceTree = "<group>"; };
		715FF6931FBEDFDF005B1ED4 /* orxPlugin.h */ = {isa = PBXFileReference; lastKnownFileType = sourcecode.c.h; path = orxPlugin.h; sourceTree = "<group>"; };
		715FF6941FBEDFDF005B1ED4 /* orxPluginCore.h */ = {isa = PBXFileReference; lastKnownFileType = sourcecode.c.h; path = orxPluginCore.h; sourceTree = "<group>"; };
		715FF6951FBEDFDF005B1ED4 /* orxPluginType.h */ = {isa = PBXFileReference; lastKnownFileType = sourcecode.c.h; path = orxPluginType.h; sourceTree = "<group>"; };
		715FF6961FBEDFDF005B1ED4 /* orxPluginUser.h */ = {isa = PBXFileReference; lastKnownFileType = sourcecode.c.h; path = orxPluginUser.h; sourceTree = "<group>"; };
		715FF6981FBEDFDF005B1ED4 /* orxCamera.h */ = {isa = PBXFileReference; lastKnownFileType = sourcecode.c.h; path = orxCamera.h; sourceTree = "<group>"; };
		715FF6991FBEDFDF005B1ED4 /* orxRender.h */ = {isa = PBXFileReference; lastKnownFileType = sourcecode.c.h; path = orxRender.h; sourceTree = "<group>"; };
		715FF69A1FBEDFDF005B1ED4 /* orxShader.h */ = {isa = PBXFileReference; lastKnownFileType = sourcecode.c.h; path = orxShader.h; sourceTree = "<group>"; };
		715FF69B1FBEDFDF005B1ED4 /* orxShaderPointer.h */ = {isa = PBXFileReference; lastKnownFileType = sourcecode.c.h; path = orxShaderPointer.h; sourceTree = "<group>"; };
		715FF69C1FBEDFDF005B1ED4 /* orxViewport.h */ = {isa = PBXFileReference; lastKnownFileType = sourcecode.c.h; path = orxViewport.h; sourceTree = "<group>"; };
		715FF69E1FBEDFDF005B1ED4 /* orxSound.h */ = {isa = PBXFileReference; lastKnownFileType = sourcecode.c.h; path = orxSound.h; sourceTree = "<group>"; };
		715FF69F1FBEDFDF005B1ED4 /* orxSoundPointer.h */ = {isa = PBXFileReference; lastKnownFileType = sourcecode.c.h; path = orxSoundPointer.h; sourceTree = "<group>"; };
		715FF6A01FBEDFDF005B1ED4 /* orxSoundSystem.h */ = {isa = PBXFileReference; lastKnownFileType = sourcecode.c.h; path = orxSoundSystem.h; sourceTree = "<group>"; };
		715FF6A21FBEDFDF005B1ED4 /* orxHashTable.h */ = {isa = PBXFileReference; lastKnownFileType = sourcecode.c.h; path = orxHashTable.h; sourceTree = "<group>"; };
		715FF6A31FBEDFDF005B1ED4 /* orxLinkList.h */ = {isa = PBXFileReference; lastKnownFileType = sourcecode.c.h; path = orxLinkList.h; sourceTree = "<group>"; };
		715FF6A41FBEDFDF005B1ED4 /* orxString.h */ = {isa = PBXFileReference; lastKnownFileType = sourcecode.c.h; path = orxString.h; sourceTree = "<group>"; };
		715FF6A51FBEDFDF005B1ED4 /* orxTree.h */ = {isa = PBXFileReference; lastKnownFileType = sourcecode.c.h; path = orxTree.h; sourceTree = "<group>"; };
		715FF6A71FBEDFE7005B1ED4 /* liborx.dylib */ = {isa = PBXFileReference; lastKnownFileType = "compiled.mach-o.dylib"; path = liborx.dylib; sourceTree = "<group>"; };
		715FF6A91FBEDFE7005B1ED4 /* liborxd.dylib */ = {isa = PBXFileReference; lastKnownFileType = "compiled.mach-o.dylib"; path = liborxd.dylib; sourceTree = "<group>"; };
		715FF6AE1FBEE088005B1ED4 /* StandAlone.h */ = {isa = PBXFileReference; fileEncoding = 4; lastKnownFileType = sourcecode.c.h; path = StandAlone.h; sourceTree = "<group>"; };
		715FF6B01FBEE205005B1ED4 /* Main.cpp */ = {isa = PBXFileReference; fileEncoding = 4; lastKnownFileType = sourcecode.cpp.cpp; path = Main.cpp; sourceTree = "<group>"; };
		715FF6B31FBEE3FF005B1ED4 /* Dork 2.ini */ = {isa = PBXFileReference; lastKnownFileType = text; path = "Dork 2.ini"; sourceTree = "<group>"; };
		715FF6B41FBEE3FF005B1ED4 /* Player.ini */ = {isa = PBXFileReference; lastKnownFileType = text; path = Player.ini; sourceTree = "<group>"; };
		715FF6B51FBEE3FF005B1ED4 /* Main.ini */ = {isa = PBXFileReference; lastKnownFileType = text; path = Main.ini; sourceTree = "<group>"; };
		71620F121FC7A51F00EBD228 /* Scene.h */ = {isa = PBXFileReference; lastKnownFileType = sourcecode.c.h; path = Scene.h; sourceTree = "<group>"; };
		71620F141FC7A56900EBD228 /* Exploration.cpp */ = {isa = PBXFileReference; lastKnownFileType = sourcecode.cpp.cpp; path = Exploration.cpp; sourceTree = "<group>"; };
		71620F151FC7A56900EBD228 /* Exploration.h */ = {isa = PBXFileReference; lastKnownFileType = sourcecode.c.h; path = Exploration.h; sourceTree = "<group>"; };
		71620F171FC7A59E00EBD228 /* Combat.cpp */ = {isa = PBXFileReference; lastKnownFileType = sourcecode.cpp.cpp; path = Combat.cpp; sourceTree = "<group>"; };
		71620F181FC7A59E00EBD228 /* Combat.h */ = {isa = PBXFileReference; lastKnownFileType = sourcecode.c.h; path = Combat.h; sourceTree = "<group>"; };
		71620F1A1FC7B19800EBD228 /* Shop.cpp */ = {isa = PBXFileReference; lastKnownFileType = sourcecode.cpp.cpp; path = Shop.cpp; sourceTree = "<group>"; };
		71620F1B1FC7B19800EBD228 /* Shop.h */ = {isa = PBXFileReference; lastKnownFileType = sourcecode.c.h; path = Shop.h; sourceTree = "<group>"; };
		71620F1D1FC7BB4C00EBD228 /* Selector.png */ = {isa = PBXFileReference; lastKnownFileType = image.png; path = Selector.png; sourceTree = "<group>"; };
		71620F1F1FC81CBB00EBD228 /* ShopHelp.png */ = {isa = PBXFileReference; lastKnownFileType = image.png; path = ShopHelp.png; sourceTree = "<group>"; };
		71620F211FC823DF00EBD228 /* GoblinSpriteMap.png */ = {isa = PBXFileReference; lastKnownFileType = image.png; path = GoblinSpriteMap.png; sourceTree = "<group>"; };
		71620F231FC8251600EBD228 /* Goblin.ini */ = {isa = PBXFileReference; lastKnownFileType = text; path = Goblin.ini; sourceTree = "<group>"; };
		71620F241FC827D400EBD228 /* Enemies.ini */ = {isa = PBXFileReference; lastKnownFileType = text; path = Enemies.ini; sourceTree = "<group>"; };
		716CC8351FC6EF1400197944 /* Background.ogg */ = {isa = PBXFileReference; lastKnownFileType = file; path = Background.ogg; sourceTree = "<group>"; };
		716D1AF51FC2755B00D827D1 /* Entity.cpp */ = {isa = PBXFileReference; lastKnownFileType = sourcecode.cpp.cpp; path = Entity.cpp; sourceTree = "<group>"; };
		716D1AF61FC2755B00D827D1 /* Entity.h */ = {isa = PBXFileReference; lastKnownFileType = sourcecode.c.h; path = Entity.h; sourceTree = "<group>"; };
		716D1AF81FC2757900D827D1 /* Enemy.cpp */ = {isa = PBXFileReference; lastKnownFileType = sourcecode.cpp.cpp; path = Enemy.cpp; sourceTree = "<group>"; };
		716D1AF91FC2757900D827D1 /* Enemy.h */ = {isa = PBXFileReference; lastKnownFileType = sourcecode.c.h; path = Enemy.h; sourceTree = "<group>"; };
		716D1AFC1FC29E2B00D827D1 /* Weapon.cpp */ = {isa = PBXFileReference; lastKnownFileType = sourcecode.cpp.cpp; path = Weapon.cpp; sourceTree = "<group>"; };
		716D1AFD1FC29E2B00D827D1 /* Weapon.h */ = {isa = PBXFileReference; lastKnownFileType = sourcecode.c.h; path = Weapon.h; sourceTree = "<group>"; };
		716D1B001FC2F47D00D827D1 /* Enums.h */ = {isa = PBXFileReference; lastKnownFileType = sourcecode.c.h; path = Enums.h; sourceTree = "<group>"; };
		716D1B011FC3045000D827D1 /* Potion.cpp */ = {isa = PBXFileReference; lastKnownFileType = sourcecode.cpp.cpp; path = Potion.cpp; sourceTree = "<group>"; };
		716D1B021FC3045000D827D1 /* Potion.h */ = {isa = PBXFileReference; lastKnownFileType = sourcecode.c.h; path = Potion.h; sourceTree = "<group>"; };
		718B57DF1FC43D4300A457C8 /* forest_tiles.png */ = {isa = PBXFileReference; lastKnownFileType = image.png; path = forest_tiles.png; sourceTree = "<group>"; };
		718B57E21FC443AD00A457C8 /* CREDITS */ = {isa = PBXFileReference; lastKnownFileType = text; path = CREDITS; sourceTree = "<group>"; };
		718B57E31FC4440200A457C8 /* MainGuySpriteSheet.png */ = {isa = PBXFileReference; lastKnownFileType = image.png; path = MainGuySpriteSheet.png; sourceTree = "<group>"; };
		71F208341FC3FA190001AB3F /* Player.cpp */ = {isa = PBXFileReference; lastKnownFileType = sourcecode.cpp.cpp; path = Player.cpp; sourceTree = "<group>"; };
		71F208351FC3FA190001AB3F /* Player.h */ = {isa = PBXFileReference; lastKnownFileType = sourcecode.c.h; path = Player.h; sourceTree = "<group>"; };
		71F208371FC43BEB0001AB3F /* Map1.ini */ = {isa = PBXFileReference; lastKnownFileType = text; path = Map1.ini; sourceTree = "<group>"; };
/* End PBXFileReference section */

/* Begin PBXFrameworksBuildPhase section */
		715FF5D11FBEDE44005B1ED4 /* Frameworks */ = {
			isa = PBXFrameworksBuildPhase;
			buildActionMask = 2147483647;
			files = (
				71F921B81FC59B1D0037725A /* liborx.dylib in Frameworks */,
			);
			runOnlyForDeploymentPostprocessing = 0;
		};
/* End PBXFrameworksBuildPhase section */

/* Begin PBXGroup section */
		715FF5CB1FBEDE44005B1ED4 = {
			isa = PBXGroup;
			children = (
				716CC8341FC6EF1400197944 /* Music */,
				718B57DE1FC43D4300A457C8 /* Sprites */,
				715FF6441FBEDFB7005B1ED4 /* Meta */,
				715FF6A61FBEDFE7005B1ED4 /* lib */,
				715FF6471FBEDFDF005B1ED4 /* inc */,
				715FF6B21FBEE3FF005B1ED4 /* bin */,
				715FF5D61FBEDE44005B1ED4 /* Dork 2 */,
				715FF5D51FBEDE44005B1ED4 /* Products */,
				718B57E71FC465E700A457C8 /* Frameworks */,
			);
			sourceTree = "<group>";
		};
		715FF5D51FBEDE44005B1ED4 /* Products */ = {
			isa = PBXGroup;
			children = (
				715FF5D41FBEDE44005B1ED4 /* Dork 2 */,
			);
			name = Products;
			sourceTree = "<group>";
		};
		715FF5D61FBEDE44005B1ED4 /* Dork 2 */ = {
			isa = PBXGroup;
			children = (
				71620F101FC7A50700EBD228 /* Scenes */,
				716D1AFF1FC2F47400D827D1 /* Backend */,
				716D1AFB1FC29E1B00D827D1 /* Items */,
				716D1AF31FC2753F00D827D1 /* Entities */,
				716D1AF41FC2754600D827D1 /* App */,
			);
			path = "Dork 2";
			sourceTree = "<group>";
		};
		715FF6441FBEDFB7005B1ED4 /* Meta */ = {
			isa = PBXGroup;
			children = (
				715FF6461FBEDFBE005B1ED4 /* LICENSE */,
				715FF6451FBEDFBE005B1ED4 /* README.md */,
				718B57E21FC443AD00A457C8 /* CREDITS */,
			);
			name = Meta;
			sourceTree = "<group>";
		};
		715FF6471FBEDFDF005B1ED4 /* inc */ = {
			isa = PBXGroup;
			children = (
				715FF6481FBEDFDF005B1ED4 /* anim */,
				715FF64C1FBEDFDF005B1ED4 /* base */,
				715FF6521FBEDFDF005B1ED4 /* core */,
				715FF65C1FBEDFDF005B1ED4 /* debug */,
				715FF6601FBEDFDF005B1ED4 /* display */,
				715FF6671FBEDFDF005B1ED4 /* io */,
				715FF66D1FBEDFDF005B1ED4 /* main */,
				715FF6701FBEDFDF005B1ED4 /* math */,
				715FF6751FBEDFDF005B1ED4 /* memory */,
				715FF6781FBEDFDF005B1ED4 /* object */,
				715FF6801FBEDFDF005B1ED4 /* orx.h */,
				715FF6811FBEDFDF005B1ED4 /* orxInclude.h */,
				715FF6821FBEDFDF005B1ED4 /* orxKernel.h */,
				715FF6831FBEDFDF005B1ED4 /* orxPluginAPI.h */,
				715FF6841FBEDFDF005B1ED4 /* orxUtils.h */,
				715FF6851FBEDFDF005B1ED4 /* physics */,
				715FF6881FBEDFDF005B1ED4 /* plugin */,
				715FF6971FBEDFDF005B1ED4 /* render */,
				715FF69D1FBEDFDF005B1ED4 /* sound */,
				715FF6A11FBEDFDF005B1ED4 /* utils */,
			);
			path = inc;
			sourceTree = "<group>";
		};
		715FF6481FBEDFDF005B1ED4 /* anim */ = {
			isa = PBXGroup;
			children = (
				715FF6491FBEDFDF005B1ED4 /* orxAnim.h */,
				715FF64A1FBEDFDF005B1ED4 /* orxAnimPointer.h */,
				715FF64B1FBEDFDF005B1ED4 /* orxAnimSet.h */,
			);
			path = anim;
			sourceTree = "<group>";
		};
		715FF64C1FBEDFDF005B1ED4 /* base */ = {
			isa = PBXGroup;
			children = (
				715FF64D1FBEDFDF005B1ED4 /* orxBuild.h */,
				715FF64E1FBEDFDF005B1ED4 /* orxDecl.h */,
				715FF64F1FBEDFDF005B1ED4 /* orxModule.h */,
				715FF6501FBEDFDF005B1ED4 /* orxType.h */,
				715FF6511FBEDFDF005B1ED4 /* orxVersion.h */,
			);
			path = base;
			sourceTree = "<group>";
		};
		715FF6521FBEDFDF005B1ED4 /* core */ = {
			isa = PBXGroup;
			children = (
				715FF6531FBEDFDF005B1ED4 /* orxClock.h */,
				715FF6541FBEDFDF005B1ED4 /* orxCommand.h */,
				715FF6551FBEDFDF005B1ED4 /* orxConfig.h */,
				715FF6561FBEDFDF005B1ED4 /* orxConsole.h */,
				715FF6571FBEDFDF005B1ED4 /* orxEvent.h */,
				715FF6581FBEDFDF005B1ED4 /* orxLocale.h */,
				715FF6591FBEDFDF005B1ED4 /* orxResource.h */,
				715FF65A1FBEDFDF005B1ED4 /* orxSystem.h */,
				715FF65B1FBEDFDF005B1ED4 /* orxThread.h */,
			);
			path = core;
			sourceTree = "<group>";
		};
		715FF65C1FBEDFDF005B1ED4 /* debug */ = {
			isa = PBXGroup;
			children = (
				715FF65D1FBEDFDF005B1ED4 /* orxDebug.h */,
				715FF65E1FBEDFDF005B1ED4 /* orxFPS.h */,
				715FF65F1FBEDFDF005B1ED4 /* orxProfiler.h */,
			);
			path = debug;
			sourceTree = "<group>";
		};
		715FF6601FBEDFDF005B1ED4 /* display */ = {
			isa = PBXGroup;
			children = (
				715FF6611FBEDFDF005B1ED4 /* orxDisplay.h */,
				715FF6621FBEDFDF005B1ED4 /* orxFont.h */,
				715FF6631FBEDFDF005B1ED4 /* orxGraphic.h */,
				715FF6641FBEDFDF005B1ED4 /* orxScreenshot.h */,
				715FF6651FBEDFDF005B1ED4 /* orxText.h */,
				715FF6661FBEDFDF005B1ED4 /* orxTexture.h */,
			);
			path = display;
			sourceTree = "<group>";
		};
		715FF6671FBEDFDF005B1ED4 /* io */ = {
			isa = PBXGroup;
			children = (
				715FF6681FBEDFDF005B1ED4 /* orxFile.h */,
				715FF6691FBEDFDF005B1ED4 /* orxInput.h */,
				715FF66A1FBEDFDF005B1ED4 /* orxJoystick.h */,
				715FF66B1FBEDFDF005B1ED4 /* orxKeyboard.h */,
				715FF66C1FBEDFDF005B1ED4 /* orxMouse.h */,
			);
			path = io;
			sourceTree = "<group>";
		};
		715FF66D1FBEDFDF005B1ED4 /* main */ = {
			isa = PBXGroup;
			children = (
				715FF66E1FBEDFDF005B1ED4 /* orxAndroid.h */,
				715FF66F1FBEDFDF005B1ED4 /* orxParam.h */,
			);
			path = main;
			sourceTree = "<group>";
		};
		715FF6701FBEDFDF005B1ED4 /* math */ = {
			isa = PBXGroup;
			children = (
				715FF6711FBEDFDF005B1ED4 /* orxAABox.h */,
				715FF6721FBEDFDF005B1ED4 /* orxMath.h */,
				715FF6731FBEDFDF005B1ED4 /* orxOBox.h */,
				715FF6741FBEDFDF005B1ED4 /* orxVector.h */,
			);
			path = math;
			sourceTree = "<group>";
		};
		715FF6751FBEDFDF005B1ED4 /* memory */ = {
			isa = PBXGroup;
			children = (
				715FF6761FBEDFDF005B1ED4 /* orxBank.h */,
				715FF6771FBEDFDF005B1ED4 /* orxMemory.h */,
			);
			path = memory;
			sourceTree = "<group>";
		};
		715FF6781FBEDFDF005B1ED4 /* object */ = {
			isa = PBXGroup;
			children = (
				715FF6791FBEDFDF005B1ED4 /* orxFrame.h */,
				715FF67A1FBEDFDF005B1ED4 /* orxFX.h */,
				715FF67B1FBEDFDF005B1ED4 /* orxFXPointer.h */,
				715FF67C1FBEDFDF005B1ED4 /* orxObject.h */,
				715FF67D1FBEDFDF005B1ED4 /* orxSpawner.h */,
				715FF67E1FBEDFDF005B1ED4 /* orxStructure.h */,
				715FF67F1FBEDFDF005B1ED4 /* orxTimeLine.h */,
			);
			path = object;
			sourceTree = "<group>";
		};
		715FF6851FBEDFDF005B1ED4 /* physics */ = {
			isa = PBXGroup;
			children = (
				715FF6861FBEDFDF005B1ED4 /* orxBody.h */,
				715FF6871FBEDFDF005B1ED4 /* orxPhysics.h */,
			);
			path = physics;
			sourceTree = "<group>";
		};
		715FF6881FBEDFDF005B1ED4 /* plugin */ = {
			isa = PBXGroup;
			children = (
				715FF6891FBEDFDF005B1ED4 /* define */,
				715FF6931FBEDFDF005B1ED4 /* orxPlugin.h */,
				715FF6941FBEDFDF005B1ED4 /* orxPluginCore.h */,
				715FF6951FBEDFDF005B1ED4 /* orxPluginType.h */,
				715FF6961FBEDFDF005B1ED4 /* orxPluginUser.h */,
			);
			path = plugin;
			sourceTree = "<group>";
		};
		715FF6891FBEDFDF005B1ED4 /* define */ = {
			isa = PBXGroup;
			children = (
				715FF68A1FBEDFDF005B1ED4 /* orxPlugin_CoreDefine.h */,
				715FF68B1FBEDFDF005B1ED4 /* orxPlugin_CoreID.h */,
				715FF68C1FBEDFDF005B1ED4 /* orxPlugin_Display.h */,
				715FF68D1FBEDFDF005B1ED4 /* orxPlugin_Joystick.h */,
				715FF68E1FBEDFDF005B1ED4 /* orxPlugin_Keyboard.h */,
				715FF68F1FBEDFDF005B1ED4 /* orxPlugin_Mouse.h */,
				715FF6901FBEDFDF005B1ED4 /* orxPlugin_Physics.h */,
				715FF6911FBEDFDF005B1ED4 /* orxPlugin_Render.h */,
				715FF6921FBEDFDF005B1ED4 /* orxPlugin_SoundSystem.h */,
			);
			path = define;
			sourceTree = "<group>";
		};
		715FF6971FBEDFDF005B1ED4 /* render */ = {
			isa = PBXGroup;
			children = (
				715FF6981FBEDFDF005B1ED4 /* orxCamera.h */,
				715FF6991FBEDFDF005B1ED4 /* orxRender.h */,
				715FF69A1FBEDFDF005B1ED4 /* orxShader.h */,
				715FF69B1FBEDFDF005B1ED4 /* orxShaderPointer.h */,
				715FF69C1FBEDFDF005B1ED4 /* orxViewport.h */,
			);
			path = render;
			sourceTree = "<group>";
		};
		715FF69D1FBEDFDF005B1ED4 /* sound */ = {
			isa = PBXGroup;
			children = (
				715FF69E1FBEDFDF005B1ED4 /* orxSound.h */,
				715FF69F1FBEDFDF005B1ED4 /* orxSoundPointer.h */,
				715FF6A01FBEDFDF005B1ED4 /* orxSoundSystem.h */,
			);
			path = sound;
			sourceTree = "<group>";
		};
		715FF6A11FBEDFDF005B1ED4 /* utils */ = {
			isa = PBXGroup;
			children = (
				715FF6A21FBEDFDF005B1ED4 /* orxHashTable.h */,
				715FF6A31FBEDFDF005B1ED4 /* orxLinkList.h */,
				715FF6A41FBEDFDF005B1ED4 /* orxString.h */,
				715FF6A51FBEDFDF005B1ED4 /* orxTree.h */,
			);
			path = utils;
			sourceTree = "<group>";
		};
		715FF6A61FBEDFE7005B1ED4 /* lib */ = {
			isa = PBXGroup;
			children = (
				715FF6A71FBEDFE7005B1ED4 /* liborx.dylib */,
				715FF6A91FBEDFE7005B1ED4 /* liborxd.dylib */,
			);
			path = lib;
			sourceTree = "<group>";
		};
		715FF6B21FBEE3FF005B1ED4 /* bin */ = {
			isa = PBXGroup;
			children = (
				715FF6B31FBEE3FF005B1ED4 /* Dork 2.ini */,
				715FF6B41FBEE3FF005B1ED4 /* Player.ini */,
				715FF6B51FBEE3FF005B1ED4 /* Main.ini */,
				71F208371FC43BEB0001AB3F /* Map1.ini */,
				71620F231FC8251600EBD228 /* Goblin.ini */,
				71620F241FC827D400EBD228 /* Enemies.ini */,
			);
			path = bin;
			sourceTree = "<group>";
		};
		71620F101FC7A50700EBD228 /* Scenes */ = {
			isa = PBXGroup;
			children = (
				71620F121FC7A51F00EBD228 /* Scene.h */,
				71620F151FC7A56900EBD228 /* Exploration.h */,
				71620F141FC7A56900EBD228 /* Exploration.cpp */,
				71620F181FC7A59E00EBD228 /* Combat.h */,
				71620F171FC7A59E00EBD228 /* Combat.cpp */,
				71620F1B1FC7B19800EBD228 /* Shop.h */,
				71620F1A1FC7B19800EBD228 /* Shop.cpp */,
			);
			path = Scenes;
			sourceTree = "<group>";
		};
		716CC8341FC6EF1400197944 /* Music */ = {
			isa = PBXGroup;
			children = (
				716CC8351FC6EF1400197944 /* Background.ogg */,
			);
			path = Music;
			sourceTree = "<group>";
		};
		716D1AF31FC2753F00D827D1 /* Entities */ = {
			isa = PBXGroup;
			children = (
				716D1AF61FC2755B00D827D1 /* Entity.h */,
				716D1AF51FC2755B00D827D1 /* Entity.cpp */,
				716D1AF91FC2757900D827D1 /* Enemy.h */,
				716D1AF81FC2757900D827D1 /* Enemy.cpp */,
				71F208351FC3FA190001AB3F /* Player.h */,
				71F208341FC3FA190001AB3F /* Player.cpp */,
			);
			path = Entities;
			sourceTree = "<group>";
		};
		716D1AF41FC2754600D827D1 /* App */ = {
			isa = PBXGroup;
			children = (
				715FF6B01FBEE205005B1ED4 /* Main.cpp */,
				715FF6AE1FBEE088005B1ED4 /* StandAlone.h */,
				715FF5D71FBEDE44005B1ED4 /* StandAlone.cpp */,
			);
			path = App;
			sourceTree = "<group>";
		};
		716D1AFB1FC29E1B00D827D1 /* Items */ = {
			isa = PBXGroup;
			children = (
				716D1AFD1FC29E2B00D827D1 /* Weapon.h */,
				716D1AFC1FC29E2B00D827D1 /* Weapon.cpp */,
				716D1B021FC3045000D827D1 /* Potion.h */,
				716D1B011FC3045000D827D1 /* Potion.cpp */,
			);
			path = Items;
			sourceTree = "<group>";
		};
		716D1AFF1FC2F47400D827D1 /* Backend */ = {
			isa = PBXGroup;
			children = (
				716D1B001FC2F47D00D827D1 /* Enums.h */,
			);
			path = Backend;
			sourceTree = "<group>";
		};
		718B57DE1FC43D4300A457C8 /* Sprites */ = {
			isa = PBXGroup;
			children = (
				71620F211FC823DF00EBD228 /* GoblinSpriteMap.png */,
				71620F1F1FC81CBB00EBD228 /* ShopHelp.png */,
				71620F1D1FC7BB4C00EBD228 /* Selector.png */,
				718B57E31FC4440200A457C8 /* MainGuySpriteSheet.png */,
				718B57DF1FC43D4300A457C8 /* forest_tiles.png */,
			);
			path = Sprites;
			sourceTree = "<group>";
		};
		718B57E71FC465E700A457C8 /* Frameworks */ = {
			isa = PBXGroup;
			children = (
			);
			name = Frameworks;
			sourceTree = "<group>";
		};
/* End PBXGroup section */

/* Begin PBXNativeTarget section */
		715FF5D31FBEDE44005B1ED4 /* Dork 2 */ = {
			isa = PBXNativeTarget;
			buildConfigurationList = 715FF5DB1FBEDE44005B1ED4 /* Build configuration list for PBXNativeTarget "Dork 2" */;
			buildPhases = (
				715FF5D01FBEDE44005B1ED4 /* Sources */,
				715FF5D11FBEDE44005B1ED4 /* Frameworks */,
				715FF5D21FBEDE44005B1ED4 /* CopyFiles */,
			);
			buildRules = (
			);
			dependencies = (
			);
			name = "Dork 2";
			productName = "Dork 2";
			productReference = 715FF5D41FBEDE44005B1ED4 /* Dork 2 */;
			productType = "com.apple.product-type.tool";
		};
/* End PBXNativeTarget section */

/* Begin PBXProject section */
		715FF5CC1FBEDE44005B1ED4 /* Project object */ = {
			isa = PBXProject;
			attributes = {
				LastUpgradeCheck = 0910;
				ORGANIZATIONNAME = Arc676;
				TargetAttributes = {
					715FF5D31FBEDE44005B1ED4 = {
						CreatedOnToolsVersion = 9.1;
						ProvisioningStyle = Automatic;
					};
				};
			};
			buildConfigurationList = 715FF5CF1FBEDE44005B1ED4 /* Build configuration list for PBXProject "Dork 2" */;
			compatibilityVersion = "Xcode 8.0";
			developmentRegion = en;
			hasScannedForEncodings = 0;
			knownRegions = (
				en,
			);
			mainGroup = 715FF5CB1FBEDE44005B1ED4;
			productRefGroup = 715FF5D51FBEDE44005B1ED4 /* Products */;
			projectDirPath = "";
			projectRoot = "";
			targets = (
				715FF5D31FBEDE44005B1ED4 /* Dork 2 */,
			);
		};
/* End PBXProject section */

/* Begin PBXSourcesBuildPhase section */
		715FF5D01FBEDE44005B1ED4 /* Sources */ = {
			isa = PBXSourcesBuildPhase;
			buildActionMask = 2147483647;
			files = (
				716D1AFA1FC2757900D827D1 /* Enemy.cpp in Sources */,
				71620F161FC7A56900EBD228 /* Exploration.cpp in Sources */,
				71620F191FC7A59E00EBD228 /* Combat.cpp in Sources */,
				71F208361FC3FA190001AB3F /* Player.cpp in Sources */,
				715FF6B11FBEE205005B1ED4 /* Main.cpp in Sources */,
				716D1B031FC3045000D827D1 /* Potion.cpp in Sources */,
				716D1AFE1FC29E2B00D827D1 /* Weapon.cpp in Sources */,
				716D1AF71FC2755B00D827D1 /* Entity.cpp in Sources */,
				715FF6AF1FBEE1A5005B1ED4 /* StandAlone.cpp in Sources */,
				71620F1C1FC7B19800EBD228 /* Shop.cpp in Sources */,
			);
			runOnlyForDeploymentPostprocessing = 0;
		};
/* End PBXSourcesBuildPhase section */

/* Begin XCBuildConfiguration section */
		715FF5D91FBEDE44005B1ED4 /* Debug */ = {
			isa = XCBuildConfiguration;
			buildSettings = {
				ALWAYS_SEARCH_USER_PATHS = YES;
				CLANG_ANALYZER_NONNULL = YES;
				CLANG_ANALYZER_NUMBER_OBJECT_CONVERSION = YES_AGGRESSIVE;
				CLANG_CXX_LANGUAGE_STANDARD = "gnu++0x";
				CLANG_CXX_LIBRARY = "libc++";
				CLANG_ENABLE_MODULES = YES;
				CLANG_ENABLE_OBJC_ARC = YES;
				CLANG_WARN_BLOCK_CAPTURE_AUTORELEASING = YES;
				CLANG_WARN_BOOL_CONVERSION = YES;
				CLANG_WARN_COMMA = YES;
				CLANG_WARN_CONSTANT_CONVERSION = YES;
				CLANG_WARN_DIRECT_OBJC_ISA_USAGE = YES_ERROR;
				CLANG_WARN_DOCUMENTATION_COMMENTS = YES;
				CLANG_WARN_EMPTY_BODY = YES;
				CLANG_WARN_ENUM_CONVERSION = YES;
				CLANG_WARN_INFINITE_RECURSION = YES;
				CLANG_WARN_INT_CONVERSION = YES;
				CLANG_WARN_NON_LITERAL_NULL_CONVERSION = YES;
				CLANG_WARN_OBJC_LITERAL_CONVERSION = YES;
				CLANG_WARN_OBJC_ROOT_CLASS = YES_ERROR;
				CLANG_WARN_RANGE_LOOP_ANALYSIS = YES;
				CLANG_WARN_STRICT_PROTOTYPES = YES;
				CLANG_WARN_SUSPICIOUS_MOVE = YES;
				CLANG_WARN_UNGUARDED_AVAILABILITY = YES_AGGRESSIVE;
				CLANG_WARN_UNREACHABLE_CODE = YES;
				CLANG_WARN__DUPLICATE_METHOD_MATCH = YES;
				CODE_SIGN_IDENTITY = "Mac Developer";
				COPY_PHASE_STRIP = NO;
				DEBUG_INFORMATION_FORMAT = dwarf;
				ENABLE_STRICT_OBJC_MSGSEND = YES;
				ENABLE_TESTABILITY = YES;
				GCC_C_LANGUAGE_STANDARD = gnu99;
				GCC_DYNAMIC_NO_PIC = NO;
				GCC_NO_COMMON_BLOCKS = YES;
				GCC_OPTIMIZATION_LEVEL = 0;
				GCC_PREPROCESSOR_DEFINITIONS = (
					"DEBUG=1",
					"$(inherited)",
				);
				GCC_WARN_64_TO_32_BIT_CONVERSION = YES;
				GCC_WARN_ABOUT_RETURN_TYPE = YES_ERROR;
				GCC_WARN_UNDECLARED_SELECTOR = YES;
				GCC_WARN_UNINITIALIZED_AUTOS = YES_AGGRESSIVE;
				GCC_WARN_UNUSED_FUNCTION = YES;
				GCC_WARN_UNUSED_VARIABLE = YES;
				INCLUDED_RECURSIVE_SEARCH_PATH_SUBDIRECTORIES = inc;
				MACOSX_DEPLOYMENT_TARGET = 10.13;
				MTL_ENABLE_DEBUG_INFO = YES;
				ONLY_ACTIVE_ARCH = YES;
				SDKROOT = macosx;
				USER_HEADER_SEARCH_PATHS = "inc/**";
			};
			name = Debug;
		};
		715FF5DA1FBEDE44005B1ED4 /* Release */ = {
			isa = XCBuildConfiguration;
			buildSettings = {
				ALWAYS_SEARCH_USER_PATHS = YES;
				CLANG_ANALYZER_NONNULL = YES;
				CLANG_ANALYZER_NUMBER_OBJECT_CONVERSION = YES_AGGRESSIVE;
				CLANG_CXX_LANGUAGE_STANDARD = "gnu++0x";
				CLANG_CXX_LIBRARY = "libc++";
				CLANG_ENABLE_MODULES = YES;
				CLANG_ENABLE_OBJC_ARC = YES;
				CLANG_WARN_BLOCK_CAPTURE_AUTORELEASING = YES;
				CLANG_WARN_BOOL_CONVERSION = YES;
				CLANG_WARN_COMMA = YES;
				CLANG_WARN_CONSTANT_CONVERSION = YES;
				CLANG_WARN_DIRECT_OBJC_ISA_USAGE = YES_ERROR;
				CLANG_WARN_DOCUMENTATION_COMMENTS = YES;
				CLANG_WARN_EMPTY_BODY = YES;
				CLANG_WARN_ENUM_CONVERSION = YES;
				CLANG_WARN_INFINITE_RECURSION = YES;
				CLANG_WARN_INT_CONVERSION = YES;
				CLANG_WARN_NON_LITERAL_NULL_CONVERSION = YES;
				CLANG_WARN_OBJC_LITERAL_CONVERSION = YES;
				CLANG_WARN_OBJC_ROOT_CLASS = YES_ERROR;
				CLANG_WARN_RANGE_LOOP_ANALYSIS = YES;
				CLANG_WARN_STRICT_PROTOTYPES = YES;
				CLANG_WARN_SUSPICIOUS_MOVE = YES;
				CLANG_WARN_UNGUARDED_AVAILABILITY = YES_AGGRESSIVE;
				CLANG_WARN_UNREACHABLE_CODE = YES;
				CLANG_WARN__DUPLICATE_METHOD_MATCH = YES;
				CODE_SIGN_IDENTITY = "Mac Developer";
				COPY_PHASE_STRIP = NO;
				DEBUG_INFORMATION_FORMAT = "dwarf-with-dsym";
				ENABLE_NS_ASSERTIONS = NO;
				ENABLE_STRICT_OBJC_MSGSEND = YES;
				GCC_C_LANGUAGE_STANDARD = gnu99;
				GCC_NO_COMMON_BLOCKS = YES;
				GCC_WARN_64_TO_32_BIT_CONVERSION = YES;
				GCC_WARN_ABOUT_RETURN_TYPE = YES_ERROR;
				GCC_WARN_UNDECLARED_SELECTOR = YES;
				GCC_WARN_UNINITIALIZED_AUTOS = YES_AGGRESSIVE;
				GCC_WARN_UNUSED_FUNCTION = YES;
				GCC_WARN_UNUSED_VARIABLE = YES;
				INCLUDED_RECURSIVE_SEARCH_PATH_SUBDIRECTORIES = inc;
				MACOSX_DEPLOYMENT_TARGET = 10.13;
				MTL_ENABLE_DEBUG_INFO = NO;
				SDKROOT = macosx;
				USER_HEADER_SEARCH_PATHS = "inc/**";
			};
			name = Release;
		};
		715FF5DC1FBEDE44005B1ED4 /* Debug */ = {
			isa = XCBuildConfiguration;
			buildSettings = {
				ALWAYS_SEARCH_USER_PATHS = YES;
				CLANG_CXX_LANGUAGE_STANDARD = "gnu++0x";
				CODE_SIGN_STYLE = Automatic;
				DEVELOPMENT_TEAM = T42F23M422;
				GCC_C_LANGUAGE_STANDARD = gnu99;
				INCLUDED_RECURSIVE_SEARCH_PATH_SUBDIRECTORIES = inc;
				LIBRARY_SEARCH_PATHS = (
					"$(inherited)",
					"$(PROJECT_DIR)/lib",
				);
				PRODUCT_NAME = "$(TARGET_NAME)";
				USER_HEADER_SEARCH_PATHS = "inc/**";
			};
			name = Debug;
		};
		715FF5DD1FBEDE44005B1ED4 /* Release */ = {
			isa = XCBuildConfiguration;
			buildSettings = {
				ALWAYS_SEARCH_USER_PATHS = YES;
				CLANG_CXX_LANGUAGE_STANDARD = "gnu++0x";
				CODE_SIGN_STYLE = Automatic;
				DEVELOPMENT_TEAM = T42F23M422;
				GCC_C_LANGUAGE_STANDARD = gnu99;
				INCLUDED_RECURSIVE_SEARCH_PATH_SUBDIRECTORIES = inc;
				LIBRARY_SEARCH_PATHS = (
					"$(inherited)",
					"$(PROJECT_DIR)/lib",
				);
				PRODUCT_NAME = "$(TARGET_NAME)";
				USER_HEADER_SEARCH_PATHS = "inc/**";
			};
			name = Release;
		};
/* End XCBuildConfiguration section */

/* Begin XCConfigurationList section */
		715FF5CF1FBEDE44005B1ED4 /* Build configuration list for PBXProject "Dork 2" */ = {
			isa = XCConfigurationList;
			buildConfigurations = (
				715FF5D91FBEDE44005B1ED4 /* Debug */,
				715FF5DA1FBEDE44005B1ED4 /* Release */,
			);
			defaultConfigurationIsVisible = 0;
			defaultConfigurationName = Release;
		};
		715FF5DB1FBEDE44005B1ED4 /* Build configuration list for PBXNativeTarget "Dork 2" */ = {
			isa = XCConfigurationList;
			buildConfigurations = (
				715FF5DC1FBEDE44005B1ED4 /* Debug */,
				715FF5DD1FBEDE44005B1ED4 /* Release */,
			);
			defaultConfigurationIsVisible = 0;
			defaultConfigurationName = Release;
		};
/* End XCConfigurationList section */
	};
	rootObject = 715FF5CC1FBEDE44005B1ED4 /* Project object */;
}
